// !$*UTF8*$!
{
	archiveVersion = 1;
	classes = {
	};
	objectVersion = 46;
	objects = {

/* Begin PBXBuildFile section */
		30285D1B1E008527005BCD28 /* AppDelegate.swift in Sources */ = {isa = PBXBuildFile; fileRef = 30285D1A1E008527005BCD28 /* AppDelegate.swift */; };
		30285D1D1E008527005BCD28 /* ViewController.swift in Sources */ = {isa = PBXBuildFile; fileRef = 30285D1C1E008527005BCD28 /* ViewController.swift */; };
		30285D201E008527005BCD28 /* Main.storyboard in Resources */ = {isa = PBXBuildFile; fileRef = 30285D1E1E008527005BCD28 /* Main.storyboard */; };
		30285D221E008527005BCD28 /* Assets.xcassets in Resources */ = {isa = PBXBuildFile; fileRef = 30285D211E008527005BCD28 /* Assets.xcassets */; };
		30285D251E008527005BCD28 /* LaunchScreen.storyboard in Resources */ = {isa = PBXBuildFile; fileRef = 30285D231E008527005BCD28 /* LaunchScreen.storyboard */; };
		30285D301E008527005BCD28 /* Cohort_AppTests.swift in Sources */ = {isa = PBXBuildFile; fileRef = 30285D2F1E008527005BCD28 /* Cohort_AppTests.swift */; };
		30285D3B1E008527005BCD28 /* Cohort_AppUITests.swift in Sources */ = {isa = PBXBuildFile; fileRef = 30285D3A1E008527005BCD28 /* Cohort_AppUITests.swift */; };
/* End PBXBuildFile section */

/* Begin PBXContainerItemProxy section */
		30285D2C1E008527005BCD28 /* PBXContainerItemProxy */ = {
			isa = PBXContainerItemProxy;
			containerPortal = 30285D0F1E008527005BCD28 /* Project object */;
			proxyType = 1;
			remoteGlobalIDString = 30285D161E008527005BCD28;
			remoteInfo = Cohort_App;
		};
		30285D371E008527005BCD28 /* PBXContainerItemProxy */ = {
			isa = PBXContainerItemProxy;
			containerPortal = 30285D0F1E008527005BCD28 /* Project object */;
			proxyType = 1;
			remoteGlobalIDString = 30285D161E008527005BCD28;
			remoteInfo = Cohort_App;
		};
/* End PBXContainerItemProxy section */

/* Begin PBXFileReference section */
		30285D171E008527005BCD28 /* Cohort_App.app */ = {isa = PBXFileReference; explicitFileType = wrapper.application; includeInIndex = 0; path = Cohort_App.app; sourceTree = BUILT_PRODUCTS_DIR; };
		30285D1A1E008527005BCD28 /* AppDelegate.swift */ = {isa = PBXFileReference; lastKnownFileType = sourcecode.swift; path = AppDelegate.swift; sourceTree = "<group>"; };
		30285D1C1E008527005BCD28 /* ViewController.swift */ = {isa = PBXFileReference; lastKnownFileType = sourcecode.swift; path = ViewController.swift; sourceTree = "<group>"; };
		30285D1F1E008527005BCD28 /* Base */ = {isa = PBXFileReference; lastKnownFileType = file.storyboard; name = Base; path = Base.lproj/Main.storyboard; sourceTree = "<group>"; };
		30285D211E008527005BCD28 /* Assets.xcassets */ = {isa = PBXFileReference; lastKnownFileType = folder.assetcatalog; path = Assets.xcassets; sourceTree = "<group>"; };
		30285D241E008527005BCD28 /* Base */ = {isa = PBXFileReference; lastKnownFileType = file.storyboard; name = Base; path = Base.lproj/LaunchScreen.storyboard; sourceTree = "<group>"; };
		30285D261E008527005BCD28 /* Info.plist */ = {isa = PBXFileReference; lastKnownFileType = text.plist.xml; path = Info.plist; sourceTree = "<group>"; };
		30285D2B1E008527005BCD28 /* Cohort_AppTests.xctest */ = {isa = PBXFileReference; explicitFileType = wrapper.cfbundle; includeInIndex = 0; path = Cohort_AppTests.xctest; sourceTree = BUILT_PRODUCTS_DIR; };
		30285D2F1E008527005BCD28 /* Cohort_AppTests.swift */ = {isa = PBXFileReference; lastKnownFileType = sourcecode.swift; path = Cohort_AppTests.swift; sourceTree = "<group>"; };
		30285D311E008527005BCD28 /* Info.plist */ = {isa = PBXFileReference; lastKnownFileType = text.plist.xml; path = Info.plist; sourceTree = "<group>"; };
		30285D361E008527005BCD28 /* Cohort_AppUITests.xctest */ = {isa = PBXFileReference; explicitFileType = wrapper.cfbundle; includeInIndex = 0; path = Cohort_AppUITests.xctest; sourceTree = BUILT_PRODUCTS_DIR; };
		30285D3A1E008527005BCD28 /* Cohort_AppUITests.swift */ = {isa = PBXFileReference; lastKnownFileType = sourcecode.swift; path = Cohort_AppUITests.swift; sourceTree = "<group>"; };
		30285D3C1E008527005BCD28 /* Info.plist */ = {isa = PBXFileReference; lastKnownFileType = text.plist.xml; path = Info.plist; sourceTree = "<group>"; };
/* End PBXFileReference section */

/* Begin PBXFrameworksBuildPhase section */
		30285D141E008527005BCD28 /* Frameworks */ = {
			isa = PBXFrameworksBuildPhase;
			buildActionMask = 2147483647;
			files = (
			);
			runOnlyForDeploymentPostprocessing = 0;
		};
		30285D281E008527005BCD28 /* Frameworks */ = {
			isa = PBXFrameworksBuildPhase;
			buildActionMask = 2147483647;
			files = (
			);
			runOnlyForDeploymentPostprocessing = 0;
		};
		30285D331E008527005BCD28 /* Frameworks */ = {
			isa = PBXFrameworksBuildPhase;
			buildActionMask = 2147483647;
			files = (
			);
			runOnlyForDeploymentPostprocessing = 0;
		};
/* End PBXFrameworksBuildPhase section */

/* Begin PBXGroup section */
		30285D0E1E008527005BCD28 = {
			isa = PBXGroup;
			children = (
				30285D191E008527005BCD28 /* Cohort_App */,
				30285D2E1E008527005BCD28 /* Cohort_AppTests */,
				30285D391E008527005BCD28 /* Cohort_AppUITests */,
				30285D181E008527005BCD28 /* Products */,
			);
			sourceTree = "<group>";
		};
		30285D181E008527005BCD28 /* Products */ = {
			isa = PBXGroup;
			children = (
				30285D171E008527005BCD28 /* Cohort_App.app */,
				30285D2B1E008527005BCD28 /* Cohort_AppTests.xctest */,
				30285D361E008527005BCD28 /* Cohort_AppUITests.xctest */,
			);
			name = Products;
			sourceTree = "<group>";
		};
		30285D191E008527005BCD28 /* Cohort_App */ = {
			isa = PBXGroup;
			children = (
				30285D1A1E008527005BCD28 /* AppDelegate.swift */,
				30285D1C1E008527005BCD28 /* ViewController.swift */,
				30285D1E1E008527005BCD28 /* Main.storyboard */,
				30285D211E008527005BCD28 /* Assets.xcassets */,
				30285D231E008527005BCD28 /* LaunchScreen.storyboard */,
				30285D261E008527005BCD28 /* Info.plist */,
			);
			path = Cohort_App;
			sourceTree = "<group>";
		};
		30285D2E1E008527005BCD28 /* Cohort_AppTests */ = {
			isa = PBXGroup;
			children = (
				30285D2F1E008527005BCD28 /* Cohort_AppTests.swift */,
				30285D311E008527005BCD28 /* Info.plist */,
			);
			path = Cohort_AppTests;
			sourceTree = "<group>";
		};
		30285D391E008527005BCD28 /* Cohort_AppUITests */ = {
			isa = PBXGroup;
			children = (
				30285D3A1E008527005BCD28 /* Cohort_AppUITests.swift */,
				30285D3C1E008527005BCD28 /* Info.plist */,
			);
			path = Cohort_AppUITests;
			sourceTree = "<group>";
		};
/* End PBXGroup section */

/* Begin PBXNativeTarget section */
		30285D161E008527005BCD28 /* Cohort_App */ = {
			isa = PBXNativeTarget;
			buildConfigurationList = 30285D3F1E008527005BCD28 /* Build configuration list for PBXNativeTarget "Cohort_App" */;
			buildPhases = (
				30285D131E008527005BCD28 /* Sources */,
				30285D141E008527005BCD28 /* Frameworks */,
				30285D151E008527005BCD28 /* Resources */,
			);
			buildRules = (
			);
			dependencies = (
			);
			name = Cohort_App;
			productName = Cohort_App;
			productReference = 30285D171E008527005BCD28 /* Cohort_App.app */;
			productType = "com.apple.product-type.application";
		};
		30285D2A1E008527005BCD28 /* Cohort_AppTests */ = {
			isa = PBXNativeTarget;
			buildConfigurationList = 30285D421E008527005BCD28 /* Build configuration list for PBXNativeTarget "Cohort_AppTests" */;
			buildPhases = (
				30285D271E008527005BCD28 /* Sources */,
				30285D281E008527005BCD28 /* Frameworks */,
				30285D291E008527005BCD28 /* Resources */,
			);
			buildRules = (
			);
			dependencies = (
				30285D2D1E008527005BCD28 /* PBXTargetDependency */,
			);
			name = Cohort_AppTests;
			productName = Cohort_AppTests;
			productReference = 30285D2B1E008527005BCD28 /* Cohort_AppTests.xctest */;
			productType = "com.apple.product-type.bundle.unit-test";
		};
		30285D351E008527005BCD28 /* Cohort_AppUITests */ = {
			isa = PBXNativeTarget;
			buildConfigurationList = 30285D451E008527005BCD28 /* Build configuration list for PBXNativeTarget "Cohort_AppUITests" */;
			buildPhases = (
				30285D321E008527005BCD28 /* Sources */,
				30285D331E008527005BCD28 /* Frameworks */,
				30285D341E008527005BCD28 /* Resources */,
			);
			buildRules = (
			);
			dependencies = (
				30285D381E008527005BCD28 /* PBXTargetDependency */,
			);
			name = Cohort_AppUITests;
			productName = Cohort_AppUITests;
			productReference = 30285D361E008527005BCD28 /* Cohort_AppUITests.xctest */;
			productType = "com.apple.product-type.bundle.ui-testing";
		};
/* End PBXNativeTarget section */

/* Begin PBXProject section */
		30285D0F1E008527005BCD28 /* Project object */ = {
			isa = PBXProject;
			attributes = {
				LastSwiftUpdateCheck = 0820;
				LastUpgradeCheck = 0820;
				ORGANIZATIONNAME = "David Shapiro";
				TargetAttributes = {
					30285D161E008527005BCD28 = {
						CreatedOnToolsVersion = 8.2;
						ProvisioningStyle = Automatic;
					};
					30285D2A1E008527005BCD28 = {
						CreatedOnToolsVersion = 8.2;
						ProvisioningStyle = Automatic;
						TestTargetID = 30285D161E008527005BCD28;
					};
					30285D351E008527005BCD28 = {
						CreatedOnToolsVersion = 8.2;
						ProvisioningStyle = Automatic;
						TestTargetID = 30285D161E008527005BCD28;
					};
				};
			};
			buildConfigurationList = 30285D121E008527005BCD28 /* Build configuration list for PBXProject "Cohort_App" */;
			compatibilityVersion = "Xcode 3.2";
			developmentRegion = English;
			hasScannedForEncodings = 0;
			knownRegions = (
				en,
				Base,
			);
			mainGroup = 30285D0E1E008527005BCD28;
			productRefGroup = 30285D181E008527005BCD28 /* Products */;
			projectDirPath = "";
			projectRoot = "";
			targets = (
				30285D161E008527005BCD28 /* Cohort_App */,
				30285D2A1E008527005BCD28 /* Cohort_AppTests */,
				30285D351E008527005BCD28 /* Cohort_AppUITests */,
			);
		};
/* End PBXProject section */

/* Begin PBXResourcesBuildPhase section */
		30285D151E008527005BCD28 /* Resources */ = {
			isa = PBXResourcesBuildPhase;
			buildActionMask = 2147483647;
			files = (
				30285D251E008527005BCD28 /* LaunchScreen.storyboard in Resources */,
				30285D221E008527005BCD28 /* Assets.xcassets in Resources */,
				30285D201E008527005BCD28 /* Main.storyboard in Resources */,
			);
			runOnlyForDeploymentPostprocessing = 0;
		};
		30285D291E008527005BCD28 /* Resources */ = {
			isa = PBXResourcesBuildPhase;
			buildActionMask = 2147483647;
			files = (
			);
			runOnlyForDeploymentPostprocessing = 0;
		};
		30285D341E008527005BCD28 /* Resources */ = {
			isa = PBXResourcesBuildPhase;
			buildActionMask = 2147483647;
			files = (
			);
			runOnlyForDeploymentPostprocessing = 0;
		};
/* End PBXResourcesBuildPhase section */

/* Begin PBXSourcesBuildPhase section */
		30285D131E008527005BCD28 /* Sources */ = {
			isa = PBXSourcesBuildPhase;
			buildActionMask = 2147483647;
			files = (
				30285D1D1E008527005BCD28 /* ViewController.swift in Sources */,
				30285D1B1E008527005BCD28 /* AppDelegate.swift in Sources */,
			);
			runOnlyForDeploymentPostprocessing = 0;
		};
		30285D271E008527005BCD28 /* Sources */ = {
			isa = PBXSourcesBuildPhase;
			buildActionMask = 2147483647;
			files = (
				30285D301E008527005BCD28 /* Cohort_AppTests.swift in Sources */,
			);
			runOnlyForDeploymentPostprocessing = 0;
		};
		30285D321E008527005BCD28 /* Sources */ = {
			isa = PBXSourcesBuildPhase;
			buildActionMask = 2147483647;
			files = (
				30285D3B1E008527005BCD28 /* Cohort_AppUITests.swift in Sources */,
			);
			runOnlyForDeploymentPostprocessing = 0;
		};
/* End PBXSourcesBuildPhase section */

/* Begin PBXTargetDependency section */
		30285D2D1E008527005BCD28 /* PBXTargetDependency */ = {
			isa = PBXTargetDependency;
			target = 30285D161E008527005BCD28 /* Cohort_App */;
			targetProxy = 30285D2C1E008527005BCD28 /* PBXContainerItemProxy */;
		};
		30285D381E008527005BCD28 /* PBXTargetDependency */ = {
			isa = PBXTargetDependency;
			target = 30285D161E008527005BCD28 /* Cohort_App */;
			targetProxy = 30285D371E008527005BCD28 /* PBXContainerItemProxy */;
		};
/* End PBXTargetDependency section */

/* Begin PBXVariantGroup section */
		30285D1E1E008527005BCD28 /* Main.storyboard */ = {
			isa = PBXVariantGroup;
			children = (
				30285D1F1E008527005BCD28 /* Base */,
			);
			name = Main.storyboard;
			sourceTree = "<group>";
		};
		30285D231E008527005BCD28 /* LaunchScreen.storyboard */ = {
			isa = PBXVariantGroup;
			children = (
				30285D241E008527005BCD28 /* Base */,
			);
			name = LaunchScreen.storyboard;
			sourceTree = "<group>";
		};
/* End PBXVariantGroup section */

/* Begin XCBuildConfiguration section */
		30285D3D1E008527005BCD28 /* Debug */ = {
			isa = XCBuildConfiguration;
			buildSettings = {
				ALWAYS_SEARCH_USER_PATHS = NO;
				CLANG_ANALYZER_NONNULL = YES;
				CLANG_CXX_LANGUAGE_STANDARD = "gnu++0x";
				CLANG_CXX_LIBRARY = "libc++";
				CLANG_ENABLE_MODULES = YES;
				CLANG_ENABLE_OBJC_ARC = YES;
				CLANG_WARN_BOOL_CONVERSION = YES;
				CLANG_WARN_CONSTANT_CONVERSION = YES;
				CLANG_WARN_DIRECT_OBJC_ISA_USAGE = YES_ERROR;
				CLANG_WARN_DOCUMENTATION_COMMENTS = YES;
				CLANG_WARN_EMPTY_BODY = YES;
				CLANG_WARN_ENUM_CONVERSION = YES;
				CLANG_WARN_INFINITE_RECURSION = YES;
				CLANG_WARN_INT_CONVERSION = YES;
				CLANG_WARN_OBJC_ROOT_CLASS = YES_ERROR;
				CLANG_WARN_SUSPICIOUS_MOVE = YES;
				CLANG_WARN_UNREACHABLE_CODE = YES;
				CLANG_WARN__DUPLICATE_METHOD_MATCH = YES;
				"CODE_SIGN_IDENTITY[sdk=iphoneos*]" = "iPhone Developer";
				COPY_PHASE_STRIP = NO;
				DEBUG_INFORMATION_FORMAT = dwarf;
				ENABLE_STRICT_OBJC_MSGSEND = YES;
				ENABLE_TESTABILITY = YES;
				GCC_C_LANGUAGE_STANDARD = gnu99;
				GCC_DYNAMIC_NO_PIC = NO;
				GCC_NO_COMMON_BLOCKS = YES;
				GCC_OPTIMIZATION_LEVEL = 0;
				GCC_PREPROCESSOR_DEFINITIONS = (
					"DEBUG=1",
					"$(inherited)",
				);
				GCC_WARN_64_TO_32_BIT_CONVERSION = YES;
				GCC_WARN_ABOUT_RETURN_TYPE = YES_ERROR;
				GCC_WARN_UNDECLARED_SELECTOR = YES;
				GCC_WARN_UNINITIALIZED_AUTOS = YES_AGGRESSIVE;
				GCC_WARN_UNUSED_FUNCTION = YES;
				GCC_WARN_UNUSED_VARIABLE = YES;
				IPHONEOS_DEPLOYMENT_TARGET = 10.2;
				MTL_ENABLE_DEBUG_INFO = YES;
				ONLY_ACTIVE_ARCH = YES;
				SDKROOT = iphoneos;
				SWIFT_ACTIVE_COMPILATION_CONDITIONS = DEBUG;
				SWIFT_OPTIMIZATION_LEVEL = "-Onone";
			};
			name = Debug;
		};
		30285D3E1E008527005BCD28 /* Release */ = {
			isa = XCBuildConfiguration;
			buildSettings = {
				ALWAYS_SEARCH_USER_PATHS = NO;
				CLANG_ANALYZER_NONNULL = YES;
				CLANG_CXX_LANGUAGE_STANDARD = "gnu++0x";
				CLANG_CXX_LIBRARY = "libc++";
				CLANG_ENABLE_MODULES = YES;
				CLANG_ENABLE_OBJC_ARC = YES;
				CLANG_WARN_BOOL_CONVERSION = YES;
				CLANG_WARN_CONSTANT_CONVERSION = YES;
				CLANG_WARN_DIRECT_OBJC_ISA_USAGE = YES_ERROR;
				CLANG_WARN_DOCUMENTATION_COMMENTS = YES;
				CLANG_WARN_EMPTY_BODY = YES;
				CLANG_WARN_ENUM_CONVERSION = YES;
				CLANG_WARN_INFINITE_RECURSION = YES;
				CLANG_WARN_INT_CONVERSION = YES;
				CLANG_WARN_OBJC_ROOT_CLASS = YES_ERROR;
				CLANG_WARN_SUSPICIOUS_MOVE = YES;
				CLANG_WARN_UNREACHABLE_CODE = YES;
				CLANG_WARN__DUPLICATE_METHOD_MATCH = YES;
				"CODE_SIGN_IDENTITY[sdk=iphoneos*]" = "iPhone Developer";
				COPY_PHASE_STRIP = NO;
				DEBUG_INFORMATION_FORMAT = "dwarf-with-dsym";
				ENABLE_NS_ASSERTIONS = NO;
				ENABLE_STRICT_OBJC_MSGSEND = YES;
				GCC_C_LANGUAGE_STANDARD = gnu99;
				GCC_NO_COMMON_BLOCKS = YES;
				GCC_WARN_64_TO_32_BIT_CONVERSION = YES;
				GCC_WARN_ABOUT_RETURN_TYPE = YES_ERROR;
				GCC_WARN_UNDECLARED_SELECTOR = YES;
				GCC_WARN_UNINITIALIZED_AUTOS = YES_AGGRESSIVE;
				GCC_WARN_UNUSED_FUNCTION = YES;
				GCC_WARN_UNUSED_VARIABLE = YES;
				IPHONEOS_DEPLOYMENT_TARGET = 10.2;
				MTL_ENABLE_DEBUG_INFO = NO;
				SDKROOT = iphoneos;
				SWIFT_OPTIMIZATION_LEVEL = "-Owholemodule";
				VALIDATE_PRODUCT = YES;
			};
			name = Release;
		};
		30285D401E008527005BCD28 /* Debug */ = {
			isa = XCBuildConfiguration;
			buildSettings = {
				ASSETCATALOG_COMPILER_APPICON_NAME = AppIcon;
				INFOPLIST_FILE = Cohort_App/Info.plist;
				LD_RUNPATH_SEARCH_PATHS = "$(inherited) @executable_path/Frameworks";
				PRODUCT_BUNDLE_IDENTIFIER = "com.dshapiro.Cohort-App";
				PRODUCT_NAME = "$(TARGET_NAME)";
				SWIFT_VERSION = 3.0;
			};
			name = Debug;
		};
		30285D411E008527005BCD28 /* Release */ = {
			isa = XCBuildConfiguration;
			buildSettings = {
				ASSETCATALOG_COMPILER_APPICON_NAME = AppIcon;
				INFOPLIST_FILE = Cohort_App/Info.plist;
				LD_RUNPATH_SEARCH_PATHS = "$(inherited) @executable_path/Frameworks";
				PRODUCT_BUNDLE_IDENTIFIER = "com.dshapiro.Cohort-App";
				PRODUCT_NAME = "$(TARGET_NAME)";
				SWIFT_VERSION = 3.0;
			};
			name = Release;
		};
		30285D431E008527005BCD28 /* Debug */ = {
			isa = XCBuildConfiguration;
			buildSettings = {
				ALWAYS_EMBED_SWIFT_STANDARD_LIBRARIES = YES;
				BUNDLE_LOADER = "$(TEST_HOST)";
				INFOPLIST_FILE = Cohort_AppTests/Info.plist;
				LD_RUNPATH_SEARCH_PATHS = "$(inherited) @executable_path/Frameworks @loader_path/Frameworks";
				PRODUCT_BUNDLE_IDENTIFIER = "com.dshapiro.Cohort-AppTests";
				PRODUCT_NAME = "$(TARGET_NAME)";
				SWIFT_VERSION = 3.0;
				TEST_HOST = "$(BUILT_PRODUCTS_DIR)/Cohort_App.app/Cohort_App";
			};
			name = Debug;
		};
		30285D441E008527005BCD28 /* Release */ = {
			isa = XCBuildConfiguration;
			buildSettings = {
				ALWAYS_EMBED_SWIFT_STANDARD_LIBRARIES = YES;
				BUNDLE_LOADER = "$(TEST_HOST)";
				INFOPLIST_FILE = Cohort_AppTests/Info.plist;
				LD_RUNPATH_SEARCH_PATHS = "$(inherited) @executable_path/Frameworks @loader_path/Frameworks";
				PRODUCT_BUNDLE_IDENTIFIER = "com.dshapiro.Cohort-AppTests";
				PRODUCT_NAME = "$(TARGET_NAME)";
				SWIFT_VERSION = 3.0;
				TEST_HOST = "$(BUILT_PRODUCTS_DIR)/Cohort_App.app/Cohort_App";
			};
			name = Release;
		};
		30285D461E008527005BCD28 /* Debug */ = {
			isa = XCBuildConfiguration;
			buildSettings = {
				ALWAYS_EMBED_SWIFT_STANDARD_LIBRARIES = YES;
				INFOPLIST_FILE = Cohort_AppUITests/Info.plist;
				LD_RUNPATH_SEARCH_PATHS = "$(inherited) @executable_path/Frameworks @loader_path/Frameworks";
				PRODUCT_BUNDLE_IDENTIFIER = "com.dshapiro.Cohort-AppUITests";
				PRODUCT_NAME = "$(TARGET_NAME)";
				SWIFT_VERSION = 3.0;
				TEST_TARGET_NAME = Cohort_App;
			};
			name = Debug;
		};
		30285D471E008527005BCD28 /* Release */ = {
			isa = XCBuildConfiguration;
			buildSettings = {
				ALWAYS_EMBED_SWIFT_STANDARD_LIBRARIES = YES;
				INFOPLIST_FILE = Cohort_AppUITests/Info.plist;
				LD_RUNPATH_SEARCH_PATHS = "$(inherited) @executable_path/Frameworks @loader_path/Frameworks";
				PRODUCT_BUNDLE_IDENTIFIER = "com.dshapiro.Cohort-AppUITests";
				PRODUCT_NAME = "$(TARGET_NAME)";
				SWIFT_VERSION = 3.0;
				TEST_TARGET_NAME = Cohort_App;
			};
			name = Release;
		};
/* End XCBuildConfiguration section */

/* Begin XCConfigurationList section */
		30285D121E008527005BCD28 /* Build configuration list for PBXProject "Cohort_App" */ = {
			isa = XCConfigurationList;
			buildConfigurations = (
				30285D3D1E008527005BCD28 /* Debug */,
				30285D3E1E008527005BCD28 /* Release */,
			);
			defaultConfigurationIsVisible = 0;
			defaultConfigurationName = Release;
		};
		30285D3F1E008527005BCD28 /* Build configuration list for PBXNativeTarget "Cohort_App" */ = {
			isa = XCConfigurationList;
			buildConfigurations = (
				30285D401E008527005BCD28 /* Debug */,
				30285D411E008527005BCD28 /* Release */,
			);
			defaultConfigurationIsVisible = 0;
		};
		30285D421E008527005BCD28 /* Build configuration list for PBXNativeTarget "Cohort_AppTests" */ = {
			isa = XCConfigurationList;
			buildConfigurations = (
				30285D431E008527005BCD28 /* Debug */,
				30285D441E008527005BCD28 /* Release */,
			);
			defaultConfigurationIsVisible = 0;
		};
		30285D451E008527005BCD28 /* Build configuration list for PBXNativeTarget "Cohort_AppUITests" */ = {
			isa = XCConfigurationList;
			buildConfigurations = (
				30285D461E008527005BCD28 /* Debug */,
				30285D471E008527005BCD28 /* Release */,
			);
			defaultConfigurationIsVisible = 0;
		};
/* End XCConfigurationList section */
	};
	rootObject = 30285D0F1E008527005BCD28 /* Project object */;
}
